// !$*UTF8*$!
{
	archiveVersion = 1;
	classes = {
	};
	objectVersion = 56;
	objects = {

/* Begin PBXBuildFile section */
		2E2B144A2AB3E92C00BF4B68 /* Dota2MVVMApp.swift in Sources */ = {isa = PBXBuildFile; fileRef = 2E2B14492AB3E92C00BF4B68 /* Dota2MVVMApp.swift */; };
		2E2B144E2AB3E92F00BF4B68 /* Assets.xcassets in Resources */ = {isa = PBXBuildFile; fileRef = 2E2B144D2AB3E92F00BF4B68 /* Assets.xcassets */; };
		2E2B14512AB3E92F00BF4B68 /* Preview Assets.xcassets in Resources */ = {isa = PBXBuildFile; fileRef = 2E2B14502AB3E92F00BF4B68 /* Preview Assets.xcassets */; };
		2E2B145F2AB3EDA800BF4B68 /* HeroDTO.swift in Sources */ = {isa = PBXBuildFile; fileRef = 2E2B145E2AB3EDA800BF4B68 /* HeroDTO.swift */; };
		2E2B14622AB3EF7000BF4B68 /* HeroModel.swift in Sources */ = {isa = PBXBuildFile; fileRef = 2E2B14612AB3EF7000BF4B68 /* HeroModel.swift */; };
		2E2B14662AB3F46D00BF4B68 /* HTTPClient.swift in Sources */ = {isa = PBXBuildFile; fileRef = 2E2B14652AB3F46D00BF4B68 /* HTTPClient.swift */; };
		2E2B14682AB3F4B600BF4B68 /* HeroRepositoryProtocol.swift in Sources */ = {isa = PBXBuildFile; fileRef = 2E2B14672AB3F4B600BF4B68 /* HeroRepositoryProtocol.swift */; };
		2E2B146A2AB4006900BF4B68 /* HeroRepository.swift in Sources */ = {isa = PBXBuildFile; fileRef = 2E2B14692AB4006900BF4B68 /* HeroRepository.swift */; };
		2E2B146C2AB400F400BF4B68 /* HeroService.swift in Sources */ = {isa = PBXBuildFile; fileRef = 2E2B146B2AB400F400BF4B68 /* HeroService.swift */; };
		2E2B146E2AB400FD00BF4B68 /* HeroServiceProtocol.swift in Sources */ = {isa = PBXBuildFile; fileRef = 2E2B146D2AB400FD00BF4B68 /* HeroServiceProtocol.swift */; };
		2E2B14702AB4024000BF4B68 /* HeroRepositoryMock.swift in Sources */ = {isa = PBXBuildFile; fileRef = 2E2B146F2AB4024000BF4B68 /* HeroRepositoryMock.swift */; };
		2E2B14722AB403D200BF4B68 /* HomeView.swift in Sources */ = {isa = PBXBuildFile; fileRef = 2E2B14712AB403D200BF4B68 /* HomeView.swift */; };
		2E2B14752AB403E500BF4B68 /* HomeViewModel.swift in Sources */ = {isa = PBXBuildFile; fileRef = 2E2B14742AB403E500BF4B68 /* HomeViewModel.swift */; };
/* End PBXBuildFile section */

/* Begin PBXFileReference section */
		2E2B14462AB3E92C00BF4B68 /* Dota2MVVM.app */ = {isa = PBXFileReference; explicitFileType = wrapper.application; includeInIndex = 0; path = Dota2MVVM.app; sourceTree = BUILT_PRODUCTS_DIR; };
		2E2B14492AB3E92C00BF4B68 /* Dota2MVVMApp.swift */ = {isa = PBXFileReference; lastKnownFileType = sourcecode.swift; path = Dota2MVVMApp.swift; sourceTree = "<group>"; };
		2E2B144D2AB3E92F00BF4B68 /* Assets.xcassets */ = {isa = PBXFileReference; lastKnownFileType = folder.assetcatalog; path = Assets.xcassets; sourceTree = "<group>"; };
		2E2B14502AB3E92F00BF4B68 /* Preview Assets.xcassets */ = {isa = PBXFileReference; lastKnownFileType = folder.assetcatalog; path = "Preview Assets.xcassets"; sourceTree = "<group>"; };
		2E2B145E2AB3EDA800BF4B68 /* HeroDTO.swift */ = {isa = PBXFileReference; lastKnownFileType = sourcecode.swift; path = HeroDTO.swift; sourceTree = "<group>"; };
		2E2B14612AB3EF7000BF4B68 /* HeroModel.swift */ = {isa = PBXFileReference; lastKnownFileType = sourcecode.swift; path = HeroModel.swift; sourceTree = "<group>"; };
		2E2B14652AB3F46D00BF4B68 /* HTTPClient.swift */ = {isa = PBXFileReference; lastKnownFileType = sourcecode.swift; path = HTTPClient.swift; sourceTree = "<group>"; };
		2E2B14672AB3F4B600BF4B68 /* HeroRepositoryProtocol.swift */ = {isa = PBXFileReference; lastKnownFileType = sourcecode.swift; path = HeroRepositoryProtocol.swift; sourceTree = "<group>"; };
		2E2B14692AB4006900BF4B68 /* HeroRepository.swift */ = {isa = PBXFileReference; lastKnownFileType = sourcecode.swift; path = HeroRepository.swift; sourceTree = "<group>"; };
		2E2B146B2AB400F400BF4B68 /* HeroService.swift */ = {isa = PBXFileReference; lastKnownFileType = sourcecode.swift; path = HeroService.swift; sourceTree = "<group>"; };
		2E2B146D2AB400FD00BF4B68 /* HeroServiceProtocol.swift */ = {isa = PBXFileReference; lastKnownFileType = sourcecode.swift; path = HeroServiceProtocol.swift; sourceTree = "<group>"; };
		2E2B146F2AB4024000BF4B68 /* HeroRepositoryMock.swift */ = {isa = PBXFileReference; lastKnownFileType = sourcecode.swift; path = HeroRepositoryMock.swift; sourceTree = "<group>"; };
		2E2B14712AB403D200BF4B68 /* HomeView.swift */ = {isa = PBXFileReference; lastKnownFileType = sourcecode.swift; path = HomeView.swift; sourceTree = "<group>"; };
		2E2B14742AB403E500BF4B68 /* HomeViewModel.swift */ = {isa = PBXFileReference; lastKnownFileType = sourcecode.swift; path = HomeViewModel.swift; sourceTree = "<group>"; };
/* End PBXFileReference section */

/* Begin PBXFrameworksBuildPhase section */
		2E2B14432AB3E92C00BF4B68 /* Frameworks */ = {
			isa = PBXFrameworksBuildPhase;
			buildActionMask = 2147483647;
			files = (
			);
			runOnlyForDeploymentPostprocessing = 0;
		};
/* End PBXFrameworksBuildPhase section */

/* Begin PBXGroup section */
		2E2B143D2AB3E92C00BF4B68 = {
			isa = PBXGroup;
			children = (
				2E2B14482AB3E92C00BF4B68 /* Dota2MVVM */,
				2E2B14472AB3E92C00BF4B68 /* Products */,
			);
			sourceTree = "<group>";
		};
		2E2B14472AB3E92C00BF4B68 /* Products */ = {
			isa = PBXGroup;
			children = (
				2E2B14462AB3E92C00BF4B68 /* Dota2MVVM.app */,
			);
			name = Products;
			sourceTree = "<group>";
		};
		2E2B14482AB3E92C00BF4B68 /* Dota2MVVM */ = {
			isa = PBXGroup;
			children = (
				2E2B14592AB3EBBF00BF4B68 /* Data */,
				2E2B14582AB3EBAD00BF4B68 /* Domain */,
				2E2B14572AB3EB5400BF4B68 /* UI */,
				2E2B14492AB3E92C00BF4B68 /* Dota2MVVMApp.swift */,
				2E2B144D2AB3E92F00BF4B68 /* Assets.xcassets */,
				2E2B144F2AB3E92F00BF4B68 /* Preview Content */,
			);
			path = Dota2MVVM;
			sourceTree = "<group>";
		};
		2E2B144F2AB3E92F00BF4B68 /* Preview Content */ = {
			isa = PBXGroup;
			children = (
				2E2B14502AB3E92F00BF4B68 /* Preview Assets.xcassets */,
			);
			path = "Preview Content";
			sourceTree = "<group>";
		};
		2E2B14572AB3EB5400BF4B68 /* UI */ = {
			isa = PBXGroup;
			children = (
				2E2B145B2AB3ED0E00BF4B68 /* Components */,
				2E2B145A2AB3ED0700BF4B68 /* Screens */,
			);
			path = UI;
			sourceTree = "<group>";
		};
		2E2B14582AB3EBAD00BF4B68 /* Domain */ = {
			isa = PBXGroup;
			children = (
				2E2B14602AB3EED800BF4B68 /* DTO */,
				2E2B145C2AB3ED4A00BF4B68 /* Models */,
				2E2B145D2AB3ED6200BF4B68 /* Services */,
			);
			path = Domain;
			sourceTree = "<group>";
		};
		2E2B14592AB3EBBF00BF4B68 /* Data */ = {
			isa = PBXGroup;
			children = (
				2E2B14642AB3F22100BF4B68 /* Repository */,
				2E2B14632AB3F21700BF4B68 /* Network */,
			);
			path = Data;
			sourceTree = "<group>";
		};
		2E2B145A2AB3ED0700BF4B68 /* Screens */ = {
			isa = PBXGroup;
			children = (
				2E2B14732AB403D600BF4B68 /* Home */,
			);
			path = Screens;
			sourceTree = "<group>";
		};
		2E2B145B2AB3ED0E00BF4B68 /* Components */ = {
			isa = PBXGroup;
			children = (
			);
			path = Components;
			sourceTree = "<group>";
		};
		2E2B145C2AB3ED4A00BF4B68 /* Models */ = {
			isa = PBXGroup;
			children = (
				2E2B14612AB3EF7000BF4B68 /* HeroModel.swift */,
			);
			path = Models;
			sourceTree = "<group>";
		};
		2E2B145D2AB3ED6200BF4B68 /* Services */ = {
			isa = PBXGroup;
			children = (
				2E2B146B2AB400F400BF4B68 /* HeroService.swift */,
				2E2B146D2AB400FD00BF4B68 /* HeroServiceProtocol.swift */,
			);
			path = Services;
			sourceTree = "<group>";
		};
		2E2B14602AB3EED800BF4B68 /* DTO */ = {
			isa = PBXGroup;
			children = (
				2E2B145E2AB3EDA800BF4B68 /* HeroDTO.swift */,
			);
			path = DTO;
			sourceTree = "<group>";
		};
		2E2B14632AB3F21700BF4B68 /* Network */ = {
			isa = PBXGroup;
			children = (
				2E2B14652AB3F46D00BF4B68 /* HTTPClient.swift */,
			);
			path = Network;
			sourceTree = "<group>";
		};
		2E2B14642AB3F22100BF4B68 /* Repository */ = {
			isa = PBXGroup;
			children = (
				2E2B14672AB3F4B600BF4B68 /* HeroRepositoryProtocol.swift */,
				2E2B14692AB4006900BF4B68 /* HeroRepository.swift */,
				2E2B146F2AB4024000BF4B68 /* HeroRepositoryMock.swift */,
			);
			path = Repository;
			sourceTree = "<group>";
		};
		2E2B14732AB403D600BF4B68 /* Home */ = {
			isa = PBXGroup;
			children = (
				2E2B14712AB403D200BF4B68 /* HomeView.swift */,
				2E2B14742AB403E500BF4B68 /* HomeViewModel.swift */,
			);
			path = Home;
			sourceTree = "<group>";
		};
/* End PBXGroup section */

/* Begin PBXNativeTarget section */
		2E2B14452AB3E92C00BF4B68 /* Dota2MVVM */ = {
			isa = PBXNativeTarget;
			buildConfigurationList = 2E2B14542AB3E92F00BF4B68 /* Build configuration list for PBXNativeTarget "Dota2MVVM" */;
			buildPhases = (
				2E2B14422AB3E92C00BF4B68 /* Sources */,
				2E2B14432AB3E92C00BF4B68 /* Frameworks */,
				2E2B14442AB3E92C00BF4B68 /* Resources */,
			);
			buildRules = (
			);
			dependencies = (
			);
			name = Dota2MVVM;
			productName = Dota2MVVM;
			productReference = 2E2B14462AB3E92C00BF4B68 /* Dota2MVVM.app */;
			productType = "com.apple.product-type.application";
		};
/* End PBXNativeTarget section */

/* Begin PBXProject section */
		2E2B143E2AB3E92C00BF4B68 /* Project object */ = {
			isa = PBXProject;
			attributes = {
				BuildIndependentTargetsInParallel = 1;
				LastSwiftUpdateCheck = 1430;
				LastUpgradeCheck = 1430;
				TargetAttributes = {
					2E2B14452AB3E92C00BF4B68 = {
						CreatedOnToolsVersion = 14.3;
					};
				};
			};
			buildConfigurationList = 2E2B14412AB3E92C00BF4B68 /* Build configuration list for PBXProject "Dota2MVVM" */;
			compatibilityVersion = "Xcode 14.0";
			developmentRegion = en;
			hasScannedForEncodings = 0;
			knownRegions = (
				en,
				Base,
			);
			mainGroup = 2E2B143D2AB3E92C00BF4B68;
			productRefGroup = 2E2B14472AB3E92C00BF4B68 /* Products */;
			projectDirPath = "";
			projectRoot = "";
			targets = (
				2E2B14452AB3E92C00BF4B68 /* Dota2MVVM */,
			);
		};
/* End PBXProject section */

/* Begin PBXResourcesBuildPhase section */
		2E2B14442AB3E92C00BF4B68 /* Resources */ = {
			isa = PBXResourcesBuildPhase;
			buildActionMask = 2147483647;
			files = (
				2E2B14512AB3E92F00BF4B68 /* Preview Assets.xcassets in Resources */,
				2E2B144E2AB3E92F00BF4B68 /* Assets.xcassets in Resources */,
			);
			runOnlyForDeploymentPostprocessing = 0;
		};
/* End PBXResourcesBuildPhase section */

/* Begin PBXSourcesBuildPhase section */
		2E2B14422AB3E92C00BF4B68 /* Sources */ = {
			isa = PBXSourcesBuildPhase;
			buildActionMask = 2147483647;
			files = (
				2E2B146A2AB4006900BF4B68 /* HeroRepository.swift in Sources */,
				2E2B146E2AB400FD00BF4B68 /* HeroServiceProtocol.swift in Sources */,
				2E2B14702AB4024000BF4B68 /* HeroRepositoryMock.swift in Sources */,
				2E2B14662AB3F46D00BF4B68 /* HTTPClient.swift in Sources */,
				2E2B14722AB403D200BF4B68 /* HomeView.swift in Sources */,
				2E2B146C2AB400F400BF4B68 /* HeroService.swift in Sources */,
				2E2B14752AB403E500BF4B68 /* HomeViewModel.swift in Sources */,
				2E2B14622AB3EF7000BF4B68 /* HeroModel.swift in Sources */,
				2E2B14682AB3F4B600BF4B68 /* HeroRepositoryProtocol.swift in Sources */,
				2E2B144A2AB3E92C00BF4B68 /* Dota2MVVMApp.swift in Sources */,
				2E2B145F2AB3EDA800BF4B68 /* HeroDTO.swift in Sources */,
			);
			runOnlyForDeploymentPostprocessing = 0;
		};
/* End PBXSourcesBuildPhase section */

/* Begin XCBuildConfiguration section */
		2E2B14522AB3E92F00BF4B68 /* Debug */ = {
			isa = XCBuildConfiguration;
			buildSettings = {
				ALWAYS_SEARCH_USER_PATHS = NO;
				CLANG_ANALYZER_NONNULL = YES;
				CLANG_ANALYZER_NUMBER_OBJECT_CONVERSION = YES_AGGRESSIVE;
				CLANG_CXX_LANGUAGE_STANDARD = "gnu++20";
				CLANG_ENABLE_MODULES = YES;
				CLANG_ENABLE_OBJC_ARC = YES;
				CLANG_ENABLE_OBJC_WEAK = YES;
				CLANG_WARN_BLOCK_CAPTURE_AUTORELEASING = YES;
				CLANG_WARN_BOOL_CONVERSION = YES;
				CLANG_WARN_COMMA = YES;
				CLANG_WARN_CONSTANT_CONVERSION = YES;
				CLANG_WARN_DEPRECATED_OBJC_IMPLEMENTATIONS = YES;
				CLANG_WARN_DIRECT_OBJC_ISA_USAGE = YES_ERROR;
				CLANG_WARN_DOCUMENTATION_COMMENTS = YES;
				CLANG_WARN_EMPTY_BODY = YES;
				CLANG_WARN_ENUM_CONVERSION = YES;
				CLANG_WARN_INFINITE_RECURSION = YES;
				CLANG_WARN_INT_CONVERSION = YES;
				CLANG_WARN_NON_LITERAL_NULL_CONVERSION = YES;
				CLANG_WARN_OBJC_IMPLICIT_RETAIN_SELF = YES;
				CLANG_WARN_OBJC_LITERAL_CONVERSION = YES;
				CLANG_WARN_OBJC_ROOT_CLASS = YES_ERROR;
				CLANG_WARN_QUOTED_INCLUDE_IN_FRAMEWORK_HEADER = YES;
				CLANG_WARN_RANGE_LOOP_ANALYSIS = YES;
				CLANG_WARN_STRICT_PROTOTYPES = YES;
				CLANG_WARN_SUSPICIOUS_MOVE = YES;
				CLANG_WARN_UNGUARDED_AVAILABILITY = YES_AGGRESSIVE;
				CLANG_WARN_UNREACHABLE_CODE = YES;
				CLANG_WARN__DUPLICATE_METHOD_MATCH = YES;
				COPY_PHASE_STRIP = NO;
				DEBUG_INFORMATION_FORMAT = dwarf;
				ENABLE_STRICT_OBJC_MSGSEND = YES;
				ENABLE_TESTABILITY = YES;
				GCC_C_LANGUAGE_STANDARD = gnu11;
				GCC_DYNAMIC_NO_PIC = NO;
				GCC_NO_COMMON_BLOCKS = YES;
				GCC_OPTIMIZATION_LEVEL = 0;
				GCC_PREPROCESSOR_DEFINITIONS = (
					"DEBUG=1",
					"$(inherited)",
				);
				GCC_WARN_64_TO_32_BIT_CONVERSION = YES;
				GCC_WARN_ABOUT_RETURN_TYPE = YES_ERROR;
				GCC_WARN_UNDECLARED_SELECTOR = YES;
				GCC_WARN_UNINITIALIZED_AUTOS = YES_AGGRESSIVE;
				GCC_WARN_UNUSED_FUNCTION = YES;
				GCC_WARN_UNUSED_VARIABLE = YES;
				IPHONEOS_DEPLOYMENT_TARGET = 16.4;
				MTL_ENABLE_DEBUG_INFO = INCLUDE_SOURCE;
				MTL_FAST_MATH = YES;
				ONLY_ACTIVE_ARCH = YES;
				SDKROOT = iphoneos;
				SWIFT_ACTIVE_COMPILATION_CONDITIONS = DEBUG;
				SWIFT_OPTIMIZATION_LEVEL = "-Onone";
			};
			name = Debug;
		};
		2E2B14532AB3E92F00BF4B68 /* Release */ = {
			isa = XCBuildConfiguration;
			buildSettings = {
				ALWAYS_SEARCH_USER_PATHS = NO;
				CLANG_ANALYZER_NONNULL = YES;
				CLANG_ANALYZER_NUMBER_OBJECT_CONVERSION = YES_AGGRESSIVE;
				CLANG_CXX_LANGUAGE_STANDARD = "gnu++20";
				CLANG_ENABLE_MODULES = YES;
				CLANG_ENABLE_OBJC_ARC = YES;
				CLANG_ENABLE_OBJC_WEAK = YES;
				CLANG_WARN_BLOCK_CAPTURE_AUTORELEASING = YES;
				CLANG_WARN_BOOL_CONVERSION = YES;
				CLANG_WARN_COMMA = YES;
				CLANG_WARN_CONSTANT_CONVERSION = YES;
				CLANG_WARN_DEPRECATED_OBJC_IMPLEMENTATIONS = YES;
				CLANG_WARN_DIRECT_OBJC_ISA_USAGE = YES_ERROR;
				CLANG_WARN_DOCUMENTATION_COMMENTS = YES;
				CLANG_WARN_EMPTY_BODY = YES;
				CLANG_WARN_ENUM_CONVERSION = YES;
				CLANG_WARN_INFINITE_RECURSION = YES;
				CLANG_WARN_INT_CONVERSION = YES;
				CLANG_WARN_NON_LITERAL_NULL_CONVERSION = YES;
				CLANG_WARN_OBJC_IMPLICIT_RETAIN_SELF = YES;
				CLANG_WARN_OBJC_LITERAL_CONVERSION = YES;
				CLANG_WARN_OBJC_ROOT_CLASS = YES_ERROR;
				CLANG_WARN_QUOTED_INCLUDE_IN_FRAMEWORK_HEADER = YES;
				CLANG_WARN_RANGE_LOOP_ANALYSIS = YES;
				CLANG_WARN_STRICT_PROTOTYPES = YES;
				CLANG_WARN_SUSPICIOUS_MOVE = YES;
				CLANG_WARN_UNGUARDED_AVAILABILITY = YES_AGGRESSIVE;
				CLANG_WARN_UNREACHABLE_CODE = YES;
				CLANG_WARN__DUPLICATE_METHOD_MATCH = YES;
				COPY_PHASE_STRIP = NO;
				DEBUG_INFORMATION_FORMAT = "dwarf-with-dsym";
				ENABLE_NS_ASSERTIONS = NO;
				ENABLE_STRICT_OBJC_MSGSEND = YES;
				GCC_C_LANGUAGE_STANDARD = gnu11;
				GCC_NO_COMMON_BLOCKS = YES;
				GCC_WARN_64_TO_32_BIT_CONVERSION = YES;
				GCC_WARN_ABOUT_RETURN_TYPE = YES_ERROR;
				GCC_WARN_UNDECLARED_SELECTOR = YES;
				GCC_WARN_UNINITIALIZED_AUTOS = YES_AGGRESSIVE;
				GCC_WARN_UNUSED_FUNCTION = YES;
				GCC_WARN_UNUSED_VARIABLE = YES;
				IPHONEOS_DEPLOYMENT_TARGET = 16.4;
				MTL_ENABLE_DEBUG_INFO = NO;
				MTL_FAST_MATH = YES;
				SDKROOT = iphoneos;
				SWIFT_COMPILATION_MODE = wholemodule;
				SWIFT_OPTIMIZATION_LEVEL = "-O";
				VALIDATE_PRODUCT = YES;
			};
			name = Release;
		};
		2E2B14552AB3E92F00BF4B68 /* Debug */ = {
			isa = XCBuildConfiguration;
			buildSettings = {
				ASSETCATALOG_COMPILER_APPICON_NAME = AppIcon;
				ASSETCATALOG_COMPILER_GLOBAL_ACCENT_COLOR_NAME = AccentColor;
				CODE_SIGN_STYLE = Automatic;
				CURRENT_PROJECT_VERSION = 1;
				DEVELOPMENT_ASSET_PATHS = "\"Dota2MVVM/Preview Content\"";
				DEVELOPMENT_TEAM = T79LFWPQSM;
				ENABLE_PREVIEWS = YES;
				GENERATE_INFOPLIST_FILE = YES;
				INFOPLIST_KEY_UIApplicationSceneManifest_Generation = YES;
				INFOPLIST_KEY_UIApplicationSupportsIndirectInputEvents = YES;
				INFOPLIST_KEY_UILaunchScreen_Generation = YES;
				INFOPLIST_KEY_UISupportedInterfaceOrientations_iPad = "UIInterfaceOrientationPortrait UIInterfaceOrientationPortraitUpsideDown UIInterfaceOrientationLandscapeLeft UIInterfaceOrientationLandscapeRight";
				INFOPLIST_KEY_UISupportedInterfaceOrientations_iPhone = "UIInterfaceOrientationPortrait UIInterfaceOrientationLandscapeLeft UIInterfaceOrientationLandscapeRight";
				LD_RUNPATH_SEARCH_PATHS = (
					"$(inherited)",
					"@executable_path/Frameworks",
				);
				MARKETING_VERSION = 1.0;
				PRODUCT_BUNDLE_IDENTIFIER = andresclz.dev.Dota2MVVM;
				PRODUCT_NAME = "$(TARGET_NAME)";
				SWIFT_EMIT_LOC_STRINGS = YES;
				SWIFT_VERSION = 5.0;
				TARGETED_DEVICE_FAMILY = "1,2";
			};
			name = Debug;
		};
		2E2B14562AB3E92F00BF4B68 /* Release */ = {
			isa = XCBuildConfiguration;
			buildSettings = {
				ASSETCATALOG_COMPILER_APPICON_NAME = AppIcon;
				ASSETCATALOG_COMPILER_GLOBAL_ACCENT_COLOR_NAME = AccentColor;
				CODE_SIGN_STYLE = Automatic;
				CURRENT_PROJECT_VERSION = 1;
				DEVELOPMENT_ASSET_PATHS = "\"Dota2MVVM/Preview Content\"";
				DEVELOPMENT_TEAM = T79LFWPQSM;
				ENABLE_PREVIEWS = YES;
				GENERATE_INFOPLIST_FILE = YES;
				INFOPLIST_KEY_UIApplicationSceneManifest_Generation = YES;
				INFOPLIST_KEY_UIApplicationSupportsIndirectInputEvents = YES;
				INFOPLIST_KEY_UILaunchScreen_Generation = YES;
				INFOPLIST_KEY_UISupportedInterfaceOrientations_iPad = "UIInterfaceOrientationPortrait UIInterfaceOrientationPortraitUpsideDown UIInterfaceOrientationLandscapeLeft UIInterfaceOrientationLandscapeRight";
				INFOPLIST_KEY_UISupportedInterfaceOrientations_iPhone = "UIInterfaceOrientationPortrait UIInterfaceOrientationLandscapeLeft UIInterfaceOrientationLandscapeRight";
				LD_RUNPATH_SEARCH_PATHS = (
					"$(inherited)",
					"@executable_path/Frameworks",
				);
				MARKETING_VERSION = 1.0;
				PRODUCT_BUNDLE_IDENTIFIER = andresclz.dev.Dota2MVVM;
				PRODUCT_NAME = "$(TARGET_NAME)";
				SWIFT_EMIT_LOC_STRINGS = YES;
				SWIFT_VERSION = 5.0;
				TARGETED_DEVICE_FAMILY = "1,2";
			};
			name = Release;
		};
/* End XCBuildConfiguration section */

/* Begin XCConfigurationList section */
		2E2B14412AB3E92C00BF4B68 /* Build configuration list for PBXProject "Dota2MVVM" */ = {
			isa = XCConfigurationList;
			buildConfigurations = (
				2E2B14522AB3E92F00BF4B68 /* Debug */,
				2E2B14532AB3E92F00BF4B68 /* Release */,
			);
			defaultConfigurationIsVisible = 0;
			defaultConfigurationName = Release;
		};
		2E2B14542AB3E92F00BF4B68 /* Build configuration list for PBXNativeTarget "Dota2MVVM" */ = {
			isa = XCConfigurationList;
			buildConfigurations = (
				2E2B14552AB3E92F00BF4B68 /* Debug */,
				2E2B14562AB3E92F00BF4B68 /* Release */,
			);
			defaultConfigurationIsVisible = 0;
			defaultConfigurationName = Release;
		};
/* End XCConfigurationList section */
	};
	rootObject = 2E2B143E2AB3E92C00BF4B68 /* Project object */;
}
